
Microsoft Visual Studio Solution File, Format Version 12.00
# Visual Studio 15
VisualStudioVersion = 15.0.28307.852
MinimumVisualStudioVersion = 10.0.40219.1
Project("{FAE04EC0-301F-11D3-BF4B-00C04F79EFBC}") = "Create_Attribute", "Create_Attribute\Create_Attribute.csproj", "{5550C213-0265-4E07-BB41-616B8406338F}"
EndProject
Global
	GlobalSection(SolutionConfigurationPlatforms) = preSolution
		Debug|Any CPU = Debug|Any CPU
		Release|Any CPU = Release|Any CPU
	EndGlobalSection
	GlobalSection(ProjectConfigurationPlatforms) = postSolution
		{5550C213-0265-4E07-BB41-616B8406338F}.Debug|Any CPU.ActiveCfg = Debug|Any CPU
		{5550C213-0265-4E07-BB41-616B8406338F}.Debug|Any CPU.Build.0 = Debug|Any CPU
		{5550C213-0265-4E07-BB41-616B8406338F}.Release|Any CPU.ActiveCfg = Release|Any CPU
		{5550C213-0265-4E07-BB41-616B8406338F}.Release|Any CPU.Build.0 = Release|Any CPU
	EndGlobalSection
	GlobalSection(SolutionProperties) = preSolution
		HideSolutionNode = FALSE
	EndGlobalSection
	GlobalSection(ExtensibilityGlobals) = postSolution
		SolutionGuid = {7C10FFED-09C3-47C0-91FF-D604A6FC5962}
	EndGlobalSection
EndGlobal
