
Microsoft Visual Studio Solution File, Format Version 12.00
# Visual Studio 15
VisualStudioVersion = 15.0.28307.852
MinimumVisualStudioVersion = 10.0.40219.1
Project("{FAE04EC0-301F-11D3-BF4B-00C04F79EFBC}") = "Sets of Elements", "Sets of Elements\Sets of Elements.csproj", "{AE8A8044-4672-4064-9219-CAE1FFD25024}"
EndProject
Global
	GlobalSection(SolutionConfigurationPlatforms) = preSolution
		Debug|Any CPU = Debug|Any CPU
		Release|Any CPU = Release|Any CPU
	EndGlobalSection
	GlobalSection(ProjectConfigurationPlatforms) = postSolution
		{AE8A8044-4672-4064-9219-CAE1FFD25024}.Debug|Any CPU.ActiveCfg = Debug|Any CPU
		{AE8A8044-4672-4064-9219-CAE1FFD25024}.Debug|Any CPU.Build.0 = Debug|Any CPU
		{AE8A8044-4672-4064-9219-CAE1FFD25024}.Release|Any CPU.ActiveCfg = Release|Any CPU
		{AE8A8044-4672-4064-9219-CAE1FFD25024}.Release|Any CPU.Build.0 = Release|Any CPU
	EndGlobalSection
	GlobalSection(SolutionProperties) = preSolution
		HideSolutionNode = FALSE
	EndGlobalSection
	GlobalSection(ExtensibilityGlobals) = postSolution
		SolutionGuid = {3388D34A-961C-41F6-B89A-42E1A9236793}
	EndGlobalSection
EndGlobal
