
Microsoft Visual Studio Solution File, Format Version 12.00
# Visual Studio 15
VisualStudioVersion = 15.0.28307.645
MinimumVisualStudioVersion = 10.0.40219.1
Project("{FAE04EC0-301F-11D3-BF4B-00C04F79EFBC}") = "Balanced Parentheses", "Balanced Parentheses\Balanced Parentheses.csproj", "{EAFEA9BA-7721-413D-B74D-3EAA650BDC88}"
EndProject
Global
	GlobalSection(SolutionConfigurationPlatforms) = preSolution
		Debug|Any CPU = Debug|Any CPU
		Release|Any CPU = Release|Any CPU
	EndGlobalSection
	GlobalSection(ProjectConfigurationPlatforms) = postSolution
		{EAFEA9BA-7721-413D-B74D-3EAA650BDC88}.Debug|Any CPU.ActiveCfg = Debug|Any CPU
		{EAFEA9BA-7721-413D-B74D-3EAA650BDC88}.Debug|Any CPU.Build.0 = Debug|Any CPU
		{EAFEA9BA-7721-413D-B74D-3EAA650BDC88}.Release|Any CPU.ActiveCfg = Release|Any CPU
		{EAFEA9BA-7721-413D-B74D-3EAA650BDC88}.Release|Any CPU.Build.0 = Release|Any CPU
	EndGlobalSection
	GlobalSection(SolutionProperties) = preSolution
		HideSolutionNode = FALSE
	EndGlobalSection
	GlobalSection(ExtensibilityGlobals) = postSolution
		SolutionGuid = {D5778E83-BA6A-46FA-A6E7-5B99E8562D0F}
	EndGlobalSection
EndGlobal
