
Microsoft Visual Studio Solution File, Format Version 12.00
# Visual Studio Version 16
VisualStudioVersion = 16.0.29609.76
MinimumVisualStudioVersion = 10.0.40219.1
Project("{FAE04EC0-301F-11D3-BF4B-00C04F79EFBC}") = "SeashellTreasure", "SeashellTreasure\SeashellTreasure.csproj", "{EB131B3F-2685-4350-847C-A29552214EBE}"
EndProject
Global
	GlobalSection(SolutionConfigurationPlatforms) = preSolution
		Debug|Any CPU = Debug|Any CPU
		Release|Any CPU = Release|Any CPU
	EndGlobalSection
	GlobalSection(ProjectConfigurationPlatforms) = postSolution
		{EB131B3F-2685-4350-847C-A29552214EBE}.Debug|Any CPU.ActiveCfg = Debug|Any CPU
		{EB131B3F-2685-4350-847C-A29552214EBE}.Debug|Any CPU.Build.0 = Debug|Any CPU
		{EB131B3F-2685-4350-847C-A29552214EBE}.Release|Any CPU.ActiveCfg = Release|Any CPU
		{EB131B3F-2685-4350-847C-A29552214EBE}.Release|Any CPU.Build.0 = Release|Any CPU
	EndGlobalSection
	GlobalSection(SolutionProperties) = preSolution
		HideSolutionNode = FALSE
	EndGlobalSection
	GlobalSection(ExtensibilityGlobals) = postSolution
		SolutionGuid = {3140F50C-3455-4810-92F7-5DCBE892EA91}
	EndGlobalSection
EndGlobal
