
Microsoft Visual Studio Solution File, Format Version 12.00
# Visual Studio Version 16
VisualStudioVersion = 16.0.30225.117
MinimumVisualStudioVersion = 10.0.40219.1
Project("{FAE04EC0-301F-11D3-BF4B-00C04F79EFBC}") = "Employees_From_RnD", "Employees_From_RnD.csproj", "{225AB81B-5DC6-424B-BA30-C8F2164892E2}"
EndProject
Global
	GlobalSection(SolutionConfigurationPlatforms) = preSolution
		Debug|Any CPU = Debug|Any CPU
		Release|Any CPU = Release|Any CPU
	EndGlobalSection
	GlobalSection(ProjectConfigurationPlatforms) = postSolution
		{225AB81B-5DC6-424B-BA30-C8F2164892E2}.Debug|Any CPU.ActiveCfg = Debug|Any CPU
		{225AB81B-5DC6-424B-BA30-C8F2164892E2}.Debug|Any CPU.Build.0 = Debug|Any CPU
		{225AB81B-5DC6-424B-BA30-C8F2164892E2}.Release|Any CPU.ActiveCfg = Release|Any CPU
		{225AB81B-5DC6-424B-BA30-C8F2164892E2}.Release|Any CPU.Build.0 = Release|Any CPU
	EndGlobalSection
	GlobalSection(SolutionProperties) = preSolution
		HideSolutionNode = FALSE
	EndGlobalSection
	GlobalSection(ExtensibilityGlobals) = postSolution
		SolutionGuid = {F4B043E0-BAE5-4FD6-8C50-107D18CB79B9}
	EndGlobalSection
EndGlobal
