
Microsoft Visual Studio Solution File, Format Version 12.00
# Visual Studio 15
VisualStudioVersion = 15.0.28307.852
MinimumVisualStudioVersion = 10.0.40219.1
Project("{FAE04EC0-301F-11D3-BF4B-00C04F79EFBC}") = "Opinion_Poll", "Opinion_Poll\Opinion_Poll.csproj", "{31B34BC2-7B70-4BD3-AF43-E2C4B2B83F2D}"
EndProject
Global
	GlobalSection(SolutionConfigurationPlatforms) = preSolution
		Debug|Any CPU = Debug|Any CPU
		Release|Any CPU = Release|Any CPU
	EndGlobalSection
	GlobalSection(ProjectConfigurationPlatforms) = postSolution
		{31B34BC2-7B70-4BD3-AF43-E2C4B2B83F2D}.Debug|Any CPU.ActiveCfg = Debug|Any CPU
		{31B34BC2-7B70-4BD3-AF43-E2C4B2B83F2D}.Debug|Any CPU.Build.0 = Debug|Any CPU
		{31B34BC2-7B70-4BD3-AF43-E2C4B2B83F2D}.Release|Any CPU.ActiveCfg = Release|Any CPU
		{31B34BC2-7B70-4BD3-AF43-E2C4B2B83F2D}.Release|Any CPU.Build.0 = Release|Any CPU
	EndGlobalSection
	GlobalSection(SolutionProperties) = preSolution
		HideSolutionNode = FALSE
	EndGlobalSection
	GlobalSection(ExtensibilityGlobals) = postSolution
		SolutionGuid = {664F2DBB-C198-4588-A0FA-99C970CE18FB}
	EndGlobalSection
EndGlobal
