
Microsoft Visual Studio Solution File, Format Version 12.00
# Visual Studio 15
VisualStudioVersion = 15.0.28307.852
MinimumVisualStudioVersion = 10.0.40219.1
Project("{FAE04EC0-301F-11D3-BF4B-00C04F79EFBC}") = "CodingTracker", "CodingTracker\CodingTracker.csproj", "{FCBCA90E-3CFA-43A1-A99F-82E47371A574}"
EndProject
Global
	GlobalSection(SolutionConfigurationPlatforms) = preSolution
		Debug|Any CPU = Debug|Any CPU
		Release|Any CPU = Release|Any CPU
	EndGlobalSection
	GlobalSection(ProjectConfigurationPlatforms) = postSolution
		{FCBCA90E-3CFA-43A1-A99F-82E47371A574}.Debug|Any CPU.ActiveCfg = Debug|Any CPU
		{FCBCA90E-3CFA-43A1-A99F-82E47371A574}.Debug|Any CPU.Build.0 = Debug|Any CPU
		{FCBCA90E-3CFA-43A1-A99F-82E47371A574}.Release|Any CPU.ActiveCfg = Release|Any CPU
		{FCBCA90E-3CFA-43A1-A99F-82E47371A574}.Release|Any CPU.Build.0 = Release|Any CPU
	EndGlobalSection
	GlobalSection(SolutionProperties) = preSolution
		HideSolutionNode = FALSE
	EndGlobalSection
	GlobalSection(ExtensibilityGlobals) = postSolution
		SolutionGuid = {72A4CFC3-378E-43E1-AE68-8099313B0F1F}
	EndGlobalSection
EndGlobal
