
Microsoft Visual Studio Solution File, Format Version 12.00
# Visual Studio 15
VisualStudioVersion = 15.0.28307.902
MinimumVisualStudioVersion = 10.0.40219.1
Project("{FAE04EC0-301F-11D3-BF4B-00C04F79EFBC}") = "Unique Usernames", "Unique Usernames\Unique Usernames.csproj", "{1A11D7A7-C299-47DA-A89D-2EF4F94E724F}"
EndProject
Global
	GlobalSection(SolutionConfigurationPlatforms) = preSolution
		Debug|Any CPU = Debug|Any CPU
		Release|Any CPU = Release|Any CPU
	EndGlobalSection
	GlobalSection(ProjectConfigurationPlatforms) = postSolution
		{1A11D7A7-C299-47DA-A89D-2EF4F94E724F}.Debug|Any CPU.ActiveCfg = Debug|Any CPU
		{1A11D7A7-C299-47DA-A89D-2EF4F94E724F}.Debug|Any CPU.Build.0 = Debug|Any CPU
		{1A11D7A7-C299-47DA-A89D-2EF4F94E724F}.Release|Any CPU.ActiveCfg = Release|Any CPU
		{1A11D7A7-C299-47DA-A89D-2EF4F94E724F}.Release|Any CPU.Build.0 = Release|Any CPU
	EndGlobalSection
	GlobalSection(SolutionProperties) = preSolution
		HideSolutionNode = FALSE
	EndGlobalSection
	GlobalSection(ExtensibilityGlobals) = postSolution
		SolutionGuid = {FE1D9C9C-D61A-40D8-9944-6ECA91FB304D}
	EndGlobalSection
EndGlobal
