
Microsoft Visual Studio Solution File, Format Version 12.00
# Visual Studio 15
VisualStudioVersion = 15.0.28307.852
MinimumVisualStudioVersion = 10.0.40219.1
Project("{FAE04EC0-301F-11D3-BF4B-00C04F79EFBC}") = "Knight Game", "Knight Game\Knight Game.csproj", "{20B2DCDD-35D2-4649-B4C5-5A941467FEA5}"
EndProject
Global
	GlobalSection(SolutionConfigurationPlatforms) = preSolution
		Debug|Any CPU = Debug|Any CPU
		Release|Any CPU = Release|Any CPU
	EndGlobalSection
	GlobalSection(ProjectConfigurationPlatforms) = postSolution
		{20B2DCDD-35D2-4649-B4C5-5A941467FEA5}.Debug|Any CPU.ActiveCfg = Debug|Any CPU
		{20B2DCDD-35D2-4649-B4C5-5A941467FEA5}.Debug|Any CPU.Build.0 = Debug|Any CPU
		{20B2DCDD-35D2-4649-B4C5-5A941467FEA5}.Release|Any CPU.ActiveCfg = Release|Any CPU
		{20B2DCDD-35D2-4649-B4C5-5A941467FEA5}.Release|Any CPU.Build.0 = Release|Any CPU
	EndGlobalSection
	GlobalSection(SolutionProperties) = preSolution
		HideSolutionNode = FALSE
	EndGlobalSection
	GlobalSection(ExtensibilityGlobals) = postSolution
		SolutionGuid = {55FA8D02-C653-4204-B642-CDE851458944}
	EndGlobalSection
EndGlobal
