
Microsoft Visual Studio Solution File, Format Version 12.00
# Visual Studio 15
VisualStudioVersion = 15.0.28307.852
MinimumVisualStudioVersion = 10.0.40219.1
Project("{FAE04EC0-301F-11D3-BF4B-00C04F79EFBC}") = "Add VAT", "Add VAT\Add VAT.csproj", "{BE5913E0-EC1A-4813-A349-1FCC70CCA092}"
EndProject
Global
	GlobalSection(SolutionConfigurationPlatforms) = preSolution
		Debug|Any CPU = Debug|Any CPU
		Release|Any CPU = Release|Any CPU
	EndGlobalSection
	GlobalSection(ProjectConfigurationPlatforms) = postSolution
		{BE5913E0-EC1A-4813-A349-1FCC70CCA092}.Debug|Any CPU.ActiveCfg = Debug|Any CPU
		{BE5913E0-EC1A-4813-A349-1FCC70CCA092}.Debug|Any CPU.Build.0 = Debug|Any CPU
		{BE5913E0-EC1A-4813-A349-1FCC70CCA092}.Release|Any CPU.ActiveCfg = Release|Any CPU
		{BE5913E0-EC1A-4813-A349-1FCC70CCA092}.Release|Any CPU.Build.0 = Release|Any CPU
	EndGlobalSection
	GlobalSection(SolutionProperties) = preSolution
		HideSolutionNode = FALSE
	EndGlobalSection
	GlobalSection(ExtensibilityGlobals) = postSolution
		SolutionGuid = {84E2B2B1-E8F8-4614-BB62-7D5626ED75F2}
	EndGlobalSection
EndGlobal
