
Microsoft Visual Studio Solution File, Format Version 12.00
# Visual Studio 15
VisualStudioVersion = 15.0.28307.852
MinimumVisualStudioVersion = 10.0.40219.1
Project("{FAE04EC0-301F-11D3-BF4B-00C04F79EFBC}") = "Maximum and Minimum Element", "Maximum and Minimum Element\Maximum and Minimum Element.csproj", "{62314764-62F8-4673-AA7E-525B6257A5CA}"
EndProject
Global
	GlobalSection(SolutionConfigurationPlatforms) = preSolution
		Debug|Any CPU = Debug|Any CPU
		Release|Any CPU = Release|Any CPU
	EndGlobalSection
	GlobalSection(ProjectConfigurationPlatforms) = postSolution
		{62314764-62F8-4673-AA7E-525B6257A5CA}.Debug|Any CPU.ActiveCfg = Debug|Any CPU
		{62314764-62F8-4673-AA7E-525B6257A5CA}.Debug|Any CPU.Build.0 = Debug|Any CPU
		{62314764-62F8-4673-AA7E-525B6257A5CA}.Release|Any CPU.ActiveCfg = Release|Any CPU
		{62314764-62F8-4673-AA7E-525B6257A5CA}.Release|Any CPU.Build.0 = Release|Any CPU
	EndGlobalSection
	GlobalSection(SolutionProperties) = preSolution
		HideSolutionNode = FALSE
	EndGlobalSection
	GlobalSection(ExtensibilityGlobals) = postSolution
		SolutionGuid = {CFCE37D3-FE01-4359-A577-3E1B70BB761F}
	EndGlobalSection
EndGlobal
