
Microsoft Visual Studio Solution File, Format Version 12.00
# Visual Studio 15
VisualStudioVersion = 15.0.28307.902
MinimumVisualStudioVersion = 10.0.40219.1
Project("{FAE04EC0-301F-11D3-BF4B-00C04F79EFBC}") = "Military_Elite", "Military_Elite\Military_Elite.csproj", "{1DAF7CD1-5E13-4B1F-AC21-F4C63C05722F}"
EndProject
Global
	GlobalSection(SolutionConfigurationPlatforms) = preSolution
		Debug|Any CPU = Debug|Any CPU
		Release|Any CPU = Release|Any CPU
	EndGlobalSection
	GlobalSection(ProjectConfigurationPlatforms) = postSolution
		{1DAF7CD1-5E13-4B1F-AC21-F4C63C05722F}.Debug|Any CPU.ActiveCfg = Debug|Any CPU
		{1DAF7CD1-5E13-4B1F-AC21-F4C63C05722F}.Debug|Any CPU.Build.0 = Debug|Any CPU
		{1DAF7CD1-5E13-4B1F-AC21-F4C63C05722F}.Release|Any CPU.ActiveCfg = Release|Any CPU
		{1DAF7CD1-5E13-4B1F-AC21-F4C63C05722F}.Release|Any CPU.Build.0 = Release|Any CPU
	EndGlobalSection
	GlobalSection(SolutionProperties) = preSolution
		HideSolutionNode = FALSE
	EndGlobalSection
	GlobalSection(ExtensibilityGlobals) = postSolution
		SolutionGuid = {C8F98CA5-42BA-4FB5-90B6-09FE95EB4C5D}
	EndGlobalSection
EndGlobal
