
Microsoft Visual Studio Solution File, Format Version 12.00
# Visual Studio Version 16
VisualStudioVersion = 16.0.30225.117
MinimumVisualStudioVersion = 10.0.40219.1
Project("{9A19103F-16F7-4668-BE54-9A1E7A4F7556}") = "P01_StudentSystem", "P01_StudentSystem.csproj", "{36FBE433-8CCD-4BA0-8053-9BFF7679BCF5}"
EndProject
Project("{FAE04EC0-301F-11D3-BF4B-00C04F79EFBC}") = "P01_StudentSystem.Data", "..\P01_StudentSystem.Data\P01_StudentSystem.Data.csproj", "{1E2D584D-90A6-4F16-BB5D-13F273C73B4B}"
EndProject
Project("{FAE04EC0-301F-11D3-BF4B-00C04F79EFBC}") = "P01_StudentSystem.Data.Models", "..\P01_StudentSystem.Data.Models\P01_StudentSystem.Data.Models.csproj", "{7F6BA2C0-85AF-4B21-B7F8-57BF4B13993D}"
EndProject
Global
	GlobalSection(SolutionConfigurationPlatforms) = preSolution
		Debug|Any CPU = Debug|Any CPU
		Release|Any CPU = Release|Any CPU
	EndGlobalSection
	GlobalSection(ProjectConfigurationPlatforms) = postSolution
		{36FBE433-8CCD-4BA0-8053-9BFF7679BCF5}.Debug|Any CPU.ActiveCfg = Debug|Any CPU
		{36FBE433-8CCD-4BA0-8053-9BFF7679BCF5}.Debug|Any CPU.Build.0 = Debug|Any CPU
		{36FBE433-8CCD-4BA0-8053-9BFF7679BCF5}.Release|Any CPU.ActiveCfg = Release|Any CPU
		{36FBE433-8CCD-4BA0-8053-9BFF7679BCF5}.Release|Any CPU.Build.0 = Release|Any CPU
		{1E2D584D-90A6-4F16-BB5D-13F273C73B4B}.Debug|Any CPU.ActiveCfg = Debug|Any CPU
		{1E2D584D-90A6-4F16-BB5D-13F273C73B4B}.Debug|Any CPU.Build.0 = Debug|Any CPU
		{1E2D584D-90A6-4F16-BB5D-13F273C73B4B}.Release|Any CPU.ActiveCfg = Release|Any CPU
		{1E2D584D-90A6-4F16-BB5D-13F273C73B4B}.Release|Any CPU.Build.0 = Release|Any CPU
		{7F6BA2C0-85AF-4B21-B7F8-57BF4B13993D}.Debug|Any CPU.ActiveCfg = Debug|Any CPU
		{7F6BA2C0-85AF-4B21-B7F8-57BF4B13993D}.Debug|Any CPU.Build.0 = Debug|Any CPU
		{7F6BA2C0-85AF-4B21-B7F8-57BF4B13993D}.Release|Any CPU.ActiveCfg = Release|Any CPU
		{7F6BA2C0-85AF-4B21-B7F8-57BF4B13993D}.Release|Any CPU.Build.0 = Release|Any CPU
	EndGlobalSection
	GlobalSection(SolutionProperties) = preSolution
		HideSolutionNode = FALSE
	EndGlobalSection
	GlobalSection(ExtensibilityGlobals) = postSolution
		SolutionGuid = {864D9192-6821-4149-BAA1-53B8ED797FA0}
	EndGlobalSection
EndGlobal
