
Microsoft Visual Studio Solution File, Format Version 12.00
# Visual Studio 15
VisualStudioVersion = 15.0.28307.852
MinimumVisualStudioVersion = 10.0.40219.1
Project("{FAE04EC0-301F-11D3-BF4B-00C04F79EFBC}") = "PersonsInfo", "Sort_Persons_by_Name_and_Age\PersonsInfo.csproj", "{A34541BE-17B9-43F8-84D3-C209CA34C658}"
EndProject
Global
	GlobalSection(SolutionConfigurationPlatforms) = preSolution
		Debug|Any CPU = Debug|Any CPU
		Release|Any CPU = Release|Any CPU
	EndGlobalSection
	GlobalSection(ProjectConfigurationPlatforms) = postSolution
		{A34541BE-17B9-43F8-84D3-C209CA34C658}.Debug|Any CPU.ActiveCfg = Debug|Any CPU
		{A34541BE-17B9-43F8-84D3-C209CA34C658}.Debug|Any CPU.Build.0 = Debug|Any CPU
		{A34541BE-17B9-43F8-84D3-C209CA34C658}.Release|Any CPU.ActiveCfg = Release|Any CPU
		{A34541BE-17B9-43F8-84D3-C209CA34C658}.Release|Any CPU.Build.0 = Release|Any CPU
	EndGlobalSection
	GlobalSection(SolutionProperties) = preSolution
		HideSolutionNode = FALSE
	EndGlobalSection
	GlobalSection(ExtensibilityGlobals) = postSolution
		SolutionGuid = {D13FD6DB-FF08-4F01-AF98-FD1D4FFB072F}
	EndGlobalSection
EndGlobal
