
Microsoft Visual Studio Solution File, Format Version 12.00
# Visual Studio 15
VisualStudioVersion = 15.0.28307.852
MinimumVisualStudioVersion = 10.0.40219.1
Project("{FAE04EC0-301F-11D3-BF4B-00C04F79EFBC}") = "Basic Stack Operations", "Basic Stack Operations\Basic Stack Operations.csproj", "{E94865E1-4062-4803-9F9F-666D3DF5DBEB}"
EndProject
Global
	GlobalSection(SolutionConfigurationPlatforms) = preSolution
		Debug|Any CPU = Debug|Any CPU
		Release|Any CPU = Release|Any CPU
	EndGlobalSection
	GlobalSection(ProjectConfigurationPlatforms) = postSolution
		{E94865E1-4062-4803-9F9F-666D3DF5DBEB}.Debug|Any CPU.ActiveCfg = Debug|Any CPU
		{E94865E1-4062-4803-9F9F-666D3DF5DBEB}.Debug|Any CPU.Build.0 = Debug|Any CPU
		{E94865E1-4062-4803-9F9F-666D3DF5DBEB}.Release|Any CPU.ActiveCfg = Release|Any CPU
		{E94865E1-4062-4803-9F9F-666D3DF5DBEB}.Release|Any CPU.Build.0 = Release|Any CPU
	EndGlobalSection
	GlobalSection(SolutionProperties) = preSolution
		HideSolutionNode = FALSE
	EndGlobalSection
	GlobalSection(ExtensibilityGlobals) = postSolution
		SolutionGuid = {E693F074-D921-4816-9C49-3B013F807C84}
	EndGlobalSection
EndGlobal
