
Microsoft Visual Studio Solution File, Format Version 12.00
# Visual Studio Version 16
VisualStudioVersion = 16.0.30611.23
MinimumVisualStudioVersion = 10.0.40219.1
Project("{FAE04EC0-301F-11D3-BF4B-00C04F79EFBC}") = "SUS.HTTP", "SUS.HTTP\SUS.HTTP.csproj", "{38CAFC82-F573-415D-BA9D-0DEFC93BBF8A}"
EndProject
Project("{FAE04EC0-301F-11D3-BF4B-00C04F79EFBC}") = "SUS.MvcFramework", "SUS.MvcFramework\SUS.MvcFramework.csproj", "{3C52B755-B641-4EE4-AB17-8B140B2C9FE0}"
EndProject
Project("{2150E333-8FDC-42A3-9474-1A3956D46DE8}") = "Apps", "Apps", "{02B9288E-1522-4CC1-8231-1249350DB0FD}"
EndProject
Project("{9A19103F-16F7-4668-BE54-9A1E7A4F7556}") = "MyFirstMvcApp", "Apps\MyFirstMvcApp\MyFirstMvcApp.csproj", "{11A81AE2-B0BA-473D-8FFB-7CB1F1E34796}"
EndProject
Global
	GlobalSection(SolutionConfigurationPlatforms) = preSolution
		Debug|Any CPU = Debug|Any CPU
		Release|Any CPU = Release|Any CPU
	EndGlobalSection
	GlobalSection(ProjectConfigurationPlatforms) = postSolution
		{38CAFC82-F573-415D-BA9D-0DEFC93BBF8A}.Debug|Any CPU.ActiveCfg = Debug|Any CPU
		{38CAFC82-F573-415D-BA9D-0DEFC93BBF8A}.Debug|Any CPU.Build.0 = Debug|Any CPU
		{38CAFC82-F573-415D-BA9D-0DEFC93BBF8A}.Release|Any CPU.ActiveCfg = Release|Any CPU
		{38CAFC82-F573-415D-BA9D-0DEFC93BBF8A}.Release|Any CPU.Build.0 = Release|Any CPU
		{3C52B755-B641-4EE4-AB17-8B140B2C9FE0}.Debug|Any CPU.ActiveCfg = Debug|Any CPU
		{3C52B755-B641-4EE4-AB17-8B140B2C9FE0}.Debug|Any CPU.Build.0 = Debug|Any CPU
		{3C52B755-B641-4EE4-AB17-8B140B2C9FE0}.Release|Any CPU.ActiveCfg = Release|Any CPU
		{3C52B755-B641-4EE4-AB17-8B140B2C9FE0}.Release|Any CPU.Build.0 = Release|Any CPU
		{11A81AE2-B0BA-473D-8FFB-7CB1F1E34796}.Debug|Any CPU.ActiveCfg = Debug|Any CPU
		{11A81AE2-B0BA-473D-8FFB-7CB1F1E34796}.Debug|Any CPU.Build.0 = Debug|Any CPU
		{11A81AE2-B0BA-473D-8FFB-7CB1F1E34796}.Release|Any CPU.ActiveCfg = Release|Any CPU
		{11A81AE2-B0BA-473D-8FFB-7CB1F1E34796}.Release|Any CPU.Build.0 = Release|Any CPU
	EndGlobalSection
	GlobalSection(SolutionProperties) = preSolution
		HideSolutionNode = FALSE
	EndGlobalSection
	GlobalSection(NestedProjects) = preSolution
		{11A81AE2-B0BA-473D-8FFB-7CB1F1E34796} = {02B9288E-1522-4CC1-8231-1249350DB0FD}
	EndGlobalSection
	GlobalSection(ExtensibilityGlobals) = postSolution
		SolutionGuid = {B10B7F6A-8635-46D3-B648-FFACEC9435E9}
	EndGlobalSection
EndGlobal
