
Microsoft Visual Studio Solution File, Format Version 12.00
# Visual Studio Version 16
VisualStudioVersion = 16.0.30225.117
MinimumVisualStudioVersion = 10.0.40219.1
Project("{FAE04EC0-301F-11D3-BF4B-00C04F79EFBC}") = "P03_SalesDatabase", "P03_SalesDatabase.csproj", "{9F4BAA05-E0D3-4714-B303-11E66FDB8542}"
EndProject
Global
	GlobalSection(SolutionConfigurationPlatforms) = preSolution
		Debug|Any CPU = Debug|Any CPU
		Release|Any CPU = Release|Any CPU
	EndGlobalSection
	GlobalSection(ProjectConfigurationPlatforms) = postSolution
		{9F4BAA05-E0D3-4714-B303-11E66FDB8542}.Debug|Any CPU.ActiveCfg = Debug|Any CPU
		{9F4BAA05-E0D3-4714-B303-11E66FDB8542}.Debug|Any CPU.Build.0 = Debug|Any CPU
		{9F4BAA05-E0D3-4714-B303-11E66FDB8542}.Release|Any CPU.ActiveCfg = Release|Any CPU
		{9F4BAA05-E0D3-4714-B303-11E66FDB8542}.Release|Any CPU.Build.0 = Release|Any CPU
	EndGlobalSection
	GlobalSection(SolutionProperties) = preSolution
		HideSolutionNode = FALSE
	EndGlobalSection
	GlobalSection(ExtensibilityGlobals) = postSolution
		SolutionGuid = {2E6E3E54-D0BA-46B0-AE8A-8C1841E7F9D5}
	EndGlobalSection
EndGlobal
