
Microsoft Visual Studio Solution File, Format Version 12.00
# Visual Studio 15
VisualStudioVersion = 15.0.28307.757
MinimumVisualStudioVersion = 10.0.40219.1
Project("{FAE04EC0-301F-11D3-BF4B-00C04F79EFBC}") = "Reverse String", "Reverse String\Reverse String.csproj", "{1F4919C6-894E-483C-A10D-C6FED705BFB5}"
EndProject
Global
	GlobalSection(SolutionConfigurationPlatforms) = preSolution
		Debug|Any CPU = Debug|Any CPU
		Release|Any CPU = Release|Any CPU
	EndGlobalSection
	GlobalSection(ProjectConfigurationPlatforms) = postSolution
		{1F4919C6-894E-483C-A10D-C6FED705BFB5}.Debug|Any CPU.ActiveCfg = Debug|Any CPU
		{1F4919C6-894E-483C-A10D-C6FED705BFB5}.Debug|Any CPU.Build.0 = Debug|Any CPU
		{1F4919C6-894E-483C-A10D-C6FED705BFB5}.Release|Any CPU.ActiveCfg = Release|Any CPU
		{1F4919C6-894E-483C-A10D-C6FED705BFB5}.Release|Any CPU.Build.0 = Release|Any CPU
	EndGlobalSection
	GlobalSection(SolutionProperties) = preSolution
		HideSolutionNode = FALSE
	EndGlobalSection
	GlobalSection(ExtensibilityGlobals) = postSolution
		SolutionGuid = {C553CCA6-B547-43BA-8B01-863A10A35E7C}
	EndGlobalSection
EndGlobal
