
Microsoft Visual Studio Solution File, Format Version 12.00
# Visual Studio 15
VisualStudioVersion = 15.0.28307.902
MinimumVisualStudioVersion = 10.0.40219.1
Project("{FAE04EC0-301F-11D3-BF4B-00C04F79EFBC}") = "MathOperation", "MathOperation\MathOperation.csproj", "{57911583-94C2-40C3-BD37-FCE3696A2A59}"
EndProject
Global
	GlobalSection(SolutionConfigurationPlatforms) = preSolution
		Debug|Any CPU = Debug|Any CPU
		Release|Any CPU = Release|Any CPU
	EndGlobalSection
	GlobalSection(ProjectConfigurationPlatforms) = postSolution
		{57911583-94C2-40C3-BD37-FCE3696A2A59}.Debug|Any CPU.ActiveCfg = Debug|Any CPU
		{57911583-94C2-40C3-BD37-FCE3696A2A59}.Debug|Any CPU.Build.0 = Debug|Any CPU
		{57911583-94C2-40C3-BD37-FCE3696A2A59}.Release|Any CPU.ActiveCfg = Release|Any CPU
		{57911583-94C2-40C3-BD37-FCE3696A2A59}.Release|Any CPU.Build.0 = Release|Any CPU
	EndGlobalSection
	GlobalSection(SolutionProperties) = preSolution
		HideSolutionNode = FALSE
	EndGlobalSection
	GlobalSection(ExtensibilityGlobals) = postSolution
		SolutionGuid = {AEBAF64A-1522-4A74-9904-EA01103F6818}
	EndGlobalSection
EndGlobal
