
Microsoft Visual Studio Solution File, Format Version 12.00
# Visual Studio Version 16
VisualStudioVersion = 16.0.30225.117
MinimumVisualStudioVersion = 10.0.40219.1
Project("{FAE04EC0-301F-11D3-BF4B-00C04F79EFBC}") = "P03_FootballBetting", "P03_FootballBetting.csproj", "{7793EDC3-257F-4573-985B-A26A5179D945}"
EndProject
Project("{FAE04EC0-301F-11D3-BF4B-00C04F79EFBC}") = "P03_FootballBetting.Data", "..\P03_FootballBetting.Data\P03_FootballBetting.Data.csproj", "{C048EAA0-9A4F-42E0-B916-E895B85D8021}"
EndProject
Project("{FAE04EC0-301F-11D3-BF4B-00C04F79EFBC}") = "P03_FootballBetting.Data.Models", "..\P03_FootballBetting.Data.Models\P03_FootballBetting.Data.Models.csproj", "{302D29A4-DAC0-458E-89E9-AFB016EA9748}"
EndProject
Global
	GlobalSection(SolutionConfigurationPlatforms) = preSolution
		Debug|Any CPU = Debug|Any CPU
		Release|Any CPU = Release|Any CPU
	EndGlobalSection
	GlobalSection(ProjectConfigurationPlatforms) = postSolution
		{7793EDC3-257F-4573-985B-A26A5179D945}.Debug|Any CPU.ActiveCfg = Debug|Any CPU
		{7793EDC3-257F-4573-985B-A26A5179D945}.Debug|Any CPU.Build.0 = Debug|Any CPU
		{7793EDC3-257F-4573-985B-A26A5179D945}.Release|Any CPU.ActiveCfg = Release|Any CPU
		{7793EDC3-257F-4573-985B-A26A5179D945}.Release|Any CPU.Build.0 = Release|Any CPU
		{C048EAA0-9A4F-42E0-B916-E895B85D8021}.Debug|Any CPU.ActiveCfg = Debug|Any CPU
		{C048EAA0-9A4F-42E0-B916-E895B85D8021}.Debug|Any CPU.Build.0 = Debug|Any CPU
		{C048EAA0-9A4F-42E0-B916-E895B85D8021}.Release|Any CPU.ActiveCfg = Release|Any CPU
		{C048EAA0-9A4F-42E0-B916-E895B85D8021}.Release|Any CPU.Build.0 = Release|Any CPU
		{302D29A4-DAC0-458E-89E9-AFB016EA9748}.Debug|Any CPU.ActiveCfg = Debug|Any CPU
		{302D29A4-DAC0-458E-89E9-AFB016EA9748}.Debug|Any CPU.Build.0 = Debug|Any CPU
		{302D29A4-DAC0-458E-89E9-AFB016EA9748}.Release|Any CPU.ActiveCfg = Release|Any CPU
		{302D29A4-DAC0-458E-89E9-AFB016EA9748}.Release|Any CPU.Build.0 = Release|Any CPU
	EndGlobalSection
	GlobalSection(SolutionProperties) = preSolution
		HideSolutionNode = FALSE
	EndGlobalSection
	GlobalSection(ExtensibilityGlobals) = postSolution
		SolutionGuid = {A7AE14AA-A9B7-48B2-9A19-D821E128CE66}
	EndGlobalSection
EndGlobal
