
Microsoft Visual Studio Solution File, Format Version 12.00
# Visual Studio 15
VisualStudioVersion = 15.0.28307.852
MinimumVisualStudioVersion = 10.0.40219.1
Project("{FAE04EC0-301F-11D3-BF4B-00C04F79EFBC}") = "Supermarket", "Supermarket\Supermarket.csproj", "{77BC170D-BD08-45CF-A025-780A6A90B944}"
EndProject
Global
	GlobalSection(SolutionConfigurationPlatforms) = preSolution
		Debug|Any CPU = Debug|Any CPU
		Release|Any CPU = Release|Any CPU
	EndGlobalSection
	GlobalSection(ProjectConfigurationPlatforms) = postSolution
		{77BC170D-BD08-45CF-A025-780A6A90B944}.Debug|Any CPU.ActiveCfg = Debug|Any CPU
		{77BC170D-BD08-45CF-A025-780A6A90B944}.Debug|Any CPU.Build.0 = Debug|Any CPU
		{77BC170D-BD08-45CF-A025-780A6A90B944}.Release|Any CPU.ActiveCfg = Release|Any CPU
		{77BC170D-BD08-45CF-A025-780A6A90B944}.Release|Any CPU.Build.0 = Release|Any CPU
	EndGlobalSection
	GlobalSection(SolutionProperties) = preSolution
		HideSolutionNode = FALSE
	EndGlobalSection
	GlobalSection(ExtensibilityGlobals) = postSolution
		SolutionGuid = {7A06500E-852C-452E-9FBA-5DA1BE1C60AF}
	EndGlobalSection
EndGlobal
