
Microsoft Visual Studio Solution File, Format Version 12.00
# Visual Studio 15
VisualStudioVersion = 15.0.28307.852
MinimumVisualStudioVersion = 10.0.40219.1
Project("{FAE04EC0-301F-11D3-BF4B-00C04F79EFBC}") = "Simple Calculator", "Simple Calculator\Simple Calculator.csproj", "{AEAA944E-A03E-48E7-9902-4B459B0B6E01}"
EndProject
Global
	GlobalSection(SolutionConfigurationPlatforms) = preSolution
		Debug|Any CPU = Debug|Any CPU
		Release|Any CPU = Release|Any CPU
	EndGlobalSection
	GlobalSection(ProjectConfigurationPlatforms) = postSolution
		{AEAA944E-A03E-48E7-9902-4B459B0B6E01}.Debug|Any CPU.ActiveCfg = Debug|Any CPU
		{AEAA944E-A03E-48E7-9902-4B459B0B6E01}.Debug|Any CPU.Build.0 = Debug|Any CPU
		{AEAA944E-A03E-48E7-9902-4B459B0B6E01}.Release|Any CPU.ActiveCfg = Release|Any CPU
		{AEAA944E-A03E-48E7-9902-4B459B0B6E01}.Release|Any CPU.Build.0 = Release|Any CPU
	EndGlobalSection
	GlobalSection(SolutionProperties) = preSolution
		HideSolutionNode = FALSE
	EndGlobalSection
	GlobalSection(ExtensibilityGlobals) = postSolution
		SolutionGuid = {07AAAF70-C0A9-4470-89A9-C05371E82E84}
	EndGlobalSection
EndGlobal
