
Microsoft Visual Studio Solution File, Format Version 12.00
# Visual Studio 15
VisualStudioVersion = 15.0.28307.852
MinimumVisualStudioVersion = 10.0.40219.1
Project("{FAE04EC0-301F-11D3-BF4B-00C04F79EFBC}") = "Snake Moves", "Snake Moves\Snake Moves.csproj", "{B446C800-B889-41B4-AB21-0F8E986C0788}"
EndProject
Global
	GlobalSection(SolutionConfigurationPlatforms) = preSolution
		Debug|Any CPU = Debug|Any CPU
		Release|Any CPU = Release|Any CPU
	EndGlobalSection
	GlobalSection(ProjectConfigurationPlatforms) = postSolution
		{B446C800-B889-41B4-AB21-0F8E986C0788}.Debug|Any CPU.ActiveCfg = Debug|Any CPU
		{B446C800-B889-41B4-AB21-0F8E986C0788}.Debug|Any CPU.Build.0 = Debug|Any CPU
		{B446C800-B889-41B4-AB21-0F8E986C0788}.Release|Any CPU.ActiveCfg = Release|Any CPU
		{B446C800-B889-41B4-AB21-0F8E986C0788}.Release|Any CPU.Build.0 = Release|Any CPU
	EndGlobalSection
	GlobalSection(SolutionProperties) = preSolution
		HideSolutionNode = FALSE
	EndGlobalSection
	GlobalSection(ExtensibilityGlobals) = postSolution
		SolutionGuid = {F3C87D4F-4F30-4B11-B0F1-A5BE3167D113}
	EndGlobalSection
EndGlobal
