
Microsoft Visual Studio Solution File, Format Version 12.00
# Visual Studio 15
VisualStudioVersion = 15.0.28307.852
MinimumVisualStudioVersion = 10.0.40219.1
Project("{FAE04EC0-301F-11D3-BF4B-00C04F79EFBC}") = "Date_modifier", "Date_modifier\Date_modifier.csproj", "{4A71B4E4-27C3-4793-8A97-EFFA357EDB0A}"
EndProject
Global
	GlobalSection(SolutionConfigurationPlatforms) = preSolution
		Debug|Any CPU = Debug|Any CPU
		Release|Any CPU = Release|Any CPU
	EndGlobalSection
	GlobalSection(ProjectConfigurationPlatforms) = postSolution
		{4A71B4E4-27C3-4793-8A97-EFFA357EDB0A}.Debug|Any CPU.ActiveCfg = Debug|Any CPU
		{4A71B4E4-27C3-4793-8A97-EFFA357EDB0A}.Debug|Any CPU.Build.0 = Debug|Any CPU
		{4A71B4E4-27C3-4793-8A97-EFFA357EDB0A}.Release|Any CPU.ActiveCfg = Release|Any CPU
		{4A71B4E4-27C3-4793-8A97-EFFA357EDB0A}.Release|Any CPU.Build.0 = Release|Any CPU
	EndGlobalSection
	GlobalSection(SolutionProperties) = preSolution
		HideSolutionNode = FALSE
	EndGlobalSection
	GlobalSection(ExtensibilityGlobals) = postSolution
		SolutionGuid = {904AC589-5827-4945-94B0-A60E04C6E8EE}
	EndGlobalSection
EndGlobal
