
Microsoft Visual Studio Solution File, Format Version 12.00
# Visual Studio 15
VisualStudioVersion = 15.0.28307.852
MinimumVisualStudioVersion = 10.0.40219.1
Project("{FAE04EC0-301F-11D3-BF4B-00C04F79EFBC}") = "Car Engine And Tires", "Car Engine And Tires\Car Engine And Tires.csproj", "{64031176-AE79-4102-8F77-C4FCF220B434}"
EndProject
Global
	GlobalSection(SolutionConfigurationPlatforms) = preSolution
		Debug|Any CPU = Debug|Any CPU
		Release|Any CPU = Release|Any CPU
	EndGlobalSection
	GlobalSection(ProjectConfigurationPlatforms) = postSolution
		{64031176-AE79-4102-8F77-C4FCF220B434}.Debug|Any CPU.ActiveCfg = Debug|Any CPU
		{64031176-AE79-4102-8F77-C4FCF220B434}.Debug|Any CPU.Build.0 = Debug|Any CPU
		{64031176-AE79-4102-8F77-C4FCF220B434}.Release|Any CPU.ActiveCfg = Release|Any CPU
		{64031176-AE79-4102-8F77-C4FCF220B434}.Release|Any CPU.Build.0 = Release|Any CPU
	EndGlobalSection
	GlobalSection(SolutionProperties) = preSolution
		HideSolutionNode = FALSE
	EndGlobalSection
	GlobalSection(ExtensibilityGlobals) = postSolution
		SolutionGuid = {41F7018F-FA13-40B1-A025-2CEF1A9658E6}
	EndGlobalSection
EndGlobal
