
Microsoft Visual Studio Solution File, Format Version 12.00
# Visual Studio Version 16
VisualStudioVersion = 16.0.29609.76
MinimumVisualStudioVersion = 10.0.40219.1
Project("{FAE04EC0-301F-11D3-BF4B-00C04F79EFBC}") = "Santa'sPresentFactory", "Santa'sPresentFactory\Santa'sPresentFactory.csproj", "{A8CC2C93-93D2-4B5E-A42A-9EA1C92F14CF}"
EndProject
Global
	GlobalSection(SolutionConfigurationPlatforms) = preSolution
		Debug|Any CPU = Debug|Any CPU
		Release|Any CPU = Release|Any CPU
	EndGlobalSection
	GlobalSection(ProjectConfigurationPlatforms) = postSolution
		{A8CC2C93-93D2-4B5E-A42A-9EA1C92F14CF}.Debug|Any CPU.ActiveCfg = Debug|Any CPU
		{A8CC2C93-93D2-4B5E-A42A-9EA1C92F14CF}.Debug|Any CPU.Build.0 = Debug|Any CPU
		{A8CC2C93-93D2-4B5E-A42A-9EA1C92F14CF}.Release|Any CPU.ActiveCfg = Release|Any CPU
		{A8CC2C93-93D2-4B5E-A42A-9EA1C92F14CF}.Release|Any CPU.Build.0 = Release|Any CPU
	EndGlobalSection
	GlobalSection(SolutionProperties) = preSolution
		HideSolutionNode = FALSE
	EndGlobalSection
	GlobalSection(ExtensibilityGlobals) = postSolution
		SolutionGuid = {801CD74C-8965-40F8-A49A-F5301DD849EF}
	EndGlobalSection
EndGlobal
