
Microsoft Visual Studio Solution File, Format Version 12.00
# Visual Studio 15
VisualStudioVersion = 15.0.28307.852
MinimumVisualStudioVersion = 10.0.40219.1
Project("{FAE04EC0-301F-11D3-BF4B-00C04F79EFBC}") = "Reflection.Stealer", "Reflection.Hacker\Reflection.Stealer.csproj", "{22C56BA2-857C-4958-875F-8C044840D8C1}"
EndProject
Global
	GlobalSection(SolutionConfigurationPlatforms) = preSolution
		Debug|Any CPU = Debug|Any CPU
		Release|Any CPU = Release|Any CPU
	EndGlobalSection
	GlobalSection(ProjectConfigurationPlatforms) = postSolution
		{22C56BA2-857C-4958-875F-8C044840D8C1}.Debug|Any CPU.ActiveCfg = Debug|Any CPU
		{22C56BA2-857C-4958-875F-8C044840D8C1}.Debug|Any CPU.Build.0 = Debug|Any CPU
		{22C56BA2-857C-4958-875F-8C044840D8C1}.Release|Any CPU.ActiveCfg = Release|Any CPU
		{22C56BA2-857C-4958-875F-8C044840D8C1}.Release|Any CPU.Build.0 = Release|Any CPU
	EndGlobalSection
	GlobalSection(SolutionProperties) = preSolution
		HideSolutionNode = FALSE
	EndGlobalSection
	GlobalSection(ExtensibilityGlobals) = postSolution
		SolutionGuid = {97DD4E38-9410-4DBD-BD24-751D3C585FF7}
	EndGlobalSection
EndGlobal
